
Microsoft Visual Studio Solution File, Format Version 12.00
# Visual Studio Version 17
VisualStudioVersion = 17.8.34525.116
MinimumVisualStudioVersion = 10.0.40219.1
Project("{9A19103F-16F7-4668-BE54-9A1E7A4F7556}") = "zd_1", "zd_1.csproj", "{1B4535AF-C483-4023-A5A9-F23C6E52A0E5}"
EndProject
Global
	GlobalSection(SolutionConfigurationPlatforms) = preSolution
		Debug|Any CPU = Debug|Any CPU
		Release|Any CPU = Release|Any CPU
	EndGlobalSection
	GlobalSection(ProjectConfigurationPlatforms) = postSolution
		{1B4535AF-C483-4023-A5A9-F23C6E52A0E5}.Debug|Any CPU.ActiveCfg = Debug|Any CPU
		{1B4535AF-C483-4023-A5A9-F23C6E52A0E5}.Debug|Any CPU.Build.0 = Debug|Any CPU
		{1B4535AF-C483-4023-A5A9-F23C6E52A0E5}.Release|Any CPU.ActiveCfg = Release|Any CPU
		{1B4535AF-C483-4023-A5A9-F23C6E52A0E5}.Release|Any CPU.Build.0 = Release|Any CPU
	EndGlobalSection
	GlobalSection(SolutionProperties) = preSolution
		HideSolutionNode = FALSE
	EndGlobalSection
	GlobalSection(ExtensibilityGlobals) = postSolution
		SolutionGuid = {7F1CE4B3-0D7C-44AE-91AB-48E922307008}
	EndGlobalSection
EndGlobal
