
Microsoft Visual Studio Solution File, Format Version 12.00
# Visual Studio Version 17
VisualStudioVersion = 17.8.34525.116
MinimumVisualStudioVersion = 10.0.40219.1
Project("{FAE04EC0-301F-11D3-BF4B-00C04F79EFBC}") = "zd_5", "zd_5.csproj", "{1C940066-6AF2-428B-B0CA-D9D7DDDD1C1A}"
EndProject
Global
	GlobalSection(SolutionConfigurationPlatforms) = preSolution
		Debug|Any CPU = Debug|Any CPU
		Release|Any CPU = Release|Any CPU
	EndGlobalSection
	GlobalSection(ProjectConfigurationPlatforms) = postSolution
		{1C940066-6AF2-428B-B0CA-D9D7DDDD1C1A}.Debug|Any CPU.ActiveCfg = Debug|Any CPU
		{1C940066-6AF2-428B-B0CA-D9D7DDDD1C1A}.Debug|Any CPU.Build.0 = Debug|Any CPU
		{1C940066-6AF2-428B-B0CA-D9D7DDDD1C1A}.Release|Any CPU.ActiveCfg = Release|Any CPU
		{1C940066-6AF2-428B-B0CA-D9D7DDDD1C1A}.Release|Any CPU.Build.0 = Release|Any CPU
	EndGlobalSection
	GlobalSection(SolutionProperties) = preSolution
		HideSolutionNode = FALSE
	EndGlobalSection
	GlobalSection(ExtensibilityGlobals) = postSolution
		SolutionGuid = {C0911BD4-4A1D-4165-B76B-787DC09F74AC}
	EndGlobalSection
EndGlobal
