
Microsoft Visual Studio Solution File, Format Version 12.00
# Visual Studio Version 17
VisualStudioVersion = 17.8.34525.116
MinimumVisualStudioVersion = 10.0.40219.1
Project("{FAE04EC0-301F-11D3-BF4B-00C04F79EFBC}") = "zd_4", "zd_4.csproj", "{2788BB99-986F-4ED5-A20A-D01066659E6F}"
EndProject
Global
	GlobalSection(SolutionConfigurationPlatforms) = preSolution
		Debug|Any CPU = Debug|Any CPU
		Release|Any CPU = Release|Any CPU
	EndGlobalSection
	GlobalSection(ProjectConfigurationPlatforms) = postSolution
		{2788BB99-986F-4ED5-A20A-D01066659E6F}.Debug|Any CPU.ActiveCfg = Debug|Any CPU
		{2788BB99-986F-4ED5-A20A-D01066659E6F}.Debug|Any CPU.Build.0 = Debug|Any CPU
		{2788BB99-986F-4ED5-A20A-D01066659E6F}.Release|Any CPU.ActiveCfg = Release|Any CPU
		{2788BB99-986F-4ED5-A20A-D01066659E6F}.Release|Any CPU.Build.0 = Release|Any CPU
	EndGlobalSection
	GlobalSection(SolutionProperties) = preSolution
		HideSolutionNode = FALSE
	EndGlobalSection
	GlobalSection(ExtensibilityGlobals) = postSolution
		SolutionGuid = {0F8D11F3-C751-4D8A-BD6A-4C09B3DE2154}
	EndGlobalSection
EndGlobal
